
Microsoft Visual Studio Solution File, Format Version 12.00
# Visual Studio Version 17
VisualStudioVersion = 17.4.33110.190
MinimumVisualStudioVersion = 10.0.40219.1
Project("{FAE04EC0-301F-11D3-BF4B-00C04F79EFBC}") = "Tesing2.Server", "Server\Tesing2.Server.csproj", "{A29A5ADF-947B-4F2B-B734-56091248B317}"
EndProject
Project("{FAE04EC0-301F-11D3-BF4B-00C04F79EFBC}") = "Tesing2.Client", "Client\Tesing2.Client.csproj", "{E85B43DD-0ED9-4562-9276-935FCFBBE26B}"
EndProject
Project("{FAE04EC0-301F-11D3-BF4B-00C04F79EFBC}") = "Tesing2.Shared", "Shared\Tesing2.Shared.csproj", "{ADB3C7B7-E5BE-408A-AEA9-AFD05FB5F7DA}"
EndProject
Global
	GlobalSection(SolutionConfigurationPlatforms) = preSolution
		Debug|Any CPU = Debug|Any CPU
		Release|Any CPU = Release|Any CPU
	EndGlobalSection
	GlobalSection(ProjectConfigurationPlatforms) = postSolution
		{A29A5ADF-947B-4F2B-B734-56091248B317}.Debug|Any CPU.ActiveCfg = Debug|Any CPU
		{A29A5ADF-947B-4F2B-B734-56091248B317}.Debug|Any CPU.Build.0 = Debug|Any CPU
		{A29A5ADF-947B-4F2B-B734-56091248B317}.Release|Any CPU.ActiveCfg = Release|Any CPU
		{A29A5ADF-947B-4F2B-B734-56091248B317}.Release|Any CPU.Build.0 = Release|Any CPU
		{E85B43DD-0ED9-4562-9276-935FCFBBE26B}.Debug|Any CPU.ActiveCfg = Debug|Any CPU
		{E85B43DD-0ED9-4562-9276-935FCFBBE26B}.Debug|Any CPU.Build.0 = Debug|Any CPU
		{E85B43DD-0ED9-4562-9276-935FCFBBE26B}.Release|Any CPU.ActiveCfg = Release|Any CPU
		{E85B43DD-0ED9-4562-9276-935FCFBBE26B}.Release|Any CPU.Build.0 = Release|Any CPU
		{ADB3C7B7-E5BE-408A-AEA9-AFD05FB5F7DA}.Debug|Any CPU.ActiveCfg = Debug|Any CPU
		{ADB3C7B7-E5BE-408A-AEA9-AFD05FB5F7DA}.Debug|Any CPU.Build.0 = Debug|Any CPU
		{ADB3C7B7-E5BE-408A-AEA9-AFD05FB5F7DA}.Release|Any CPU.ActiveCfg = Release|Any CPU
		{ADB3C7B7-E5BE-408A-AEA9-AFD05FB5F7DA}.Release|Any CPU.Build.0 = Release|Any CPU
	EndGlobalSection
	GlobalSection(SolutionProperties) = preSolution
		HideSolutionNode = FALSE
	EndGlobalSection
	GlobalSection(ExtensibilityGlobals) = postSolution
		SolutionGuid = {04225D85-900F-435C-83F0-B8CC9730C524}
	EndGlobalSection
EndGlobal
